{
  "name": "application-name",
  "version": "0.0.1",
  "lockfileVersion": 1,
  "requires": true,
  "dependencies": {
    "amdefine": {
      "version": "1.0.1",
      "resolved": "https://registry.npmjs.org/amdefine/-/amdefine-1.0.1.tgz",
      "integrity": "sha1-SlKCrBZHKek2Gbz9OtFR+BfOkfU="
    },
    "balanced-match": {
      "version": "1.0.0",
      "resolved": "https://registry.npmjs.org/balanced-match/-/balanced-match-1.0.0.tgz",
      "integrity": "sha1-ibTRmasr7kneFk6gK4nORi1xt2c="
    },
    "bignumber.js": {
      "version": "4.0.4",
      "resolved": "https://registry.npmjs.org/bignumber.js/-/bignumber.js-4.0.4.tgz",
      "integrity": "sha512-LDXpJKVzEx2/OqNbG9mXBNvHuiRL4PzHCGfnANHMJ+fv68Ads3exDVJeGDJws+AoNEuca93bU3q+S0woeUaCdg=="
    },
    "body-parser": {
      "version": "1.18.2",
      "resolved": "https://registry.npmjs.org/body-parser/-/body-parser-1.18.2.tgz",
      "integrity": "sha1-h2eKGdhLR9hZuDGZvVm84iKxBFQ=",
      "requires": {
        "bytes": "3.0.0",
        "content-type": "1.0.4",
        "debug": "2.6.9",
        "depd": "1.1.2",
        "http-errors": "1.6.2",
        "iconv-lite": "0.4.19",
        "on-finished": "2.3.0",
        "qs": "6.5.1",
        "raw-body": "2.3.2",
        "type-is": "1.6.15"
      }
    },
    "brace-expansion": {
      "version": "1.1.8",
      "resolved": "https://registry.npmjs.org/brace-expansion/-/brace-expansion-1.1.8.tgz",
      "integrity": "sha1-wHshHHyVLsH479Uad+8NHTmQopI=",
      "requires": {
        "balanced-match": "1.0.0",
        "concat-map": "0.0.1"
      }
    },
    "buffer-crc32": {
      "version": "0.1.1",
      "resolved": "https://registry.npmjs.org/buffer-crc32/-/buffer-crc32-0.1.1.tgz",
      "integrity": "sha1-fhENyZU5CKt8MqzccMn5RbHLxSY="
    },
    "bytes": {
      "version": "3.0.0",
      "resolved": "https://registry.npmjs.org/bytes/-/bytes-3.0.0.tgz",
      "integrity": "sha1-0ygVQE1olpn4Wk6k+odV3ROpYEg="
    },
    "character-parser": {
      "version": "1.0.2",
      "resolved": "https://registry.npmjs.org/character-parser/-/character-parser-1.0.2.tgz",
      "integrity": "sha1-VThNavz4xrndSD6DR2RqeQ5FRec="
    },
    "commander": {
      "version": "0.6.1",
      "resolved": "https://registry.npmjs.org/commander/-/commander-0.6.1.tgz",
      "integrity": "sha1-+mihT2qUXVTbvlDYzbMyDp47GgY="
    },
    "concat-map": {
      "version": "0.0.1",
      "resolved": "https://registry.npmjs.org/concat-map/-/concat-map-0.0.1.tgz",
      "integrity": "sha1-2Klr13/Wjfd5OnMDajug1UBdR3s="
    },
    "connect": {
      "version": "2.7.1",
      "resolved": "https://registry.npmjs.org/connect/-/connect-2.7.1.tgz",
      "integrity": "sha1-uGnfms892KCvdSPHxvGqi0t2Hao=",
      "requires": {
        "bytes": "0.1.0",
        "cookie": "0.0.5",
        "cookie-signature": "0.0.1",
        "crc": "0.2.0",
        "debug": "2.6.9",
        "formidable": "1.0.11",
        "fresh": "0.1.0",
        "pause": "0.0.1",
        "qs": "0.5.1",
        "send": "0.1.0"
      },
      "dependencies": {
        "bytes": {
          "version": "0.1.0",
          "resolved": "https://registry.npmjs.org/bytes/-/bytes-0.1.0.tgz",
          "integrity": "sha1-xXSBIigSbWNp0VdpJahXnbP45aI="
        },
        "cookie": {
          "version": "0.0.5",
          "resolved": "https://registry.npmjs.org/cookie/-/cookie-0.0.5.tgz",
          "integrity": "sha1-+az521frdWjJ/MWWJWt7si4wfIE="
        },
        "cookie-signature": {
          "version": "0.0.1",
          "resolved": "https://registry.npmjs.org/cookie-signature/-/cookie-signature-0.0.1.tgz",
          "integrity": "sha1-E9NgO1z2O++/haiAHjeqkA20aYU="
        },
        "crc": {
          "version": "0.2.0",
          "resolved": "https://registry.npmjs.org/crc/-/crc-0.2.0.tgz",
          "integrity": "sha1-9Ehrm/ChLfg8P8oU4x4DD9q9lFQ="
        },
        "fresh": {
          "version": "0.1.0",
          "resolved": "https://registry.npmjs.org/fresh/-/fresh-0.1.0.tgz",
          "integrity": "sha1-A+SwF4Qk5MLV0ZpU2IFM3JeTSFA="
        },
        "mime": {
          "version": "1.2.6",
          "resolved": "https://registry.npmjs.org/mime/-/mime-1.2.6.tgz",
          "integrity": "sha1-sfhsdowCX6h7SAdfFwnyiuryA2U="
        },
        "qs": {
          "version": "0.5.1",
          "resolved": "https://registry.npmjs.org/qs/-/qs-0.5.1.tgz",
          "integrity": "sha1-n2v12axsdjhOldNtFbSJgOXkrdA="
        },
        "range-parser": {
          "version": "0.0.4",
          "resolved": "https://registry.npmjs.org/range-parser/-/range-parser-0.0.4.tgz",
          "integrity": "sha1-wEJ//vUcEKy6B4KkbJYC50T/Ygs="
        },
        "send": {
          "version": "0.1.0",
          "resolved": "https://registry.npmjs.org/send/-/send-0.1.0.tgz",
          "integrity": "sha1-z7COvTzsm3/Bo32f+eh1qXHPRkA=",
          "requires": {
            "debug": "2.6.9",
            "fresh": "0.1.0",
            "mime": "1.2.6",
            "range-parser": "0.0.4"
          }
        }
      }
    },
    "content-type": {
      "version": "1.0.4",
      "resolved": "https://registry.npmjs.org/content-type/-/content-type-1.0.4.tgz",
      "integrity": "sha512-hIP3EEPs8tB9AT1L+NUqtwOAps4mk2Zob89MWXMHjHWg9milF/j4osnnQLXBCBFBk/tvIG/tUc9mOUJiPBhPXA=="
    },
    "cookie": {
      "version": "0.3.1",
      "resolved": "https://registry.npmjs.org/cookie/-/cookie-0.3.1.tgz",
      "integrity": "sha1-5+Ch+e9DtMi6klxcWpboBtFoc7s="
    },
    "cookie-signature": {
      "version": "1.0.6",
      "resolved": "https://registry.npmjs.org/cookie-signature/-/cookie-signature-1.0.6.tgz",
      "integrity": "sha1-4wOogrNCzD7oylE6eZmXNNqzriw="
    },
    "core-util-is": {
      "version": "1.0.2",
      "resolved": "https://registry.npmjs.org/core-util-is/-/core-util-is-1.0.2.tgz",
      "integrity": "sha1-tf1UIgqivFq1eqtxQMlAdUUDwac="
    },
    "crc": {
      "version": "3.4.4",
      "resolved": "https://registry.npmjs.org/crc/-/crc-3.4.4.tgz",
      "integrity": "sha1-naHpgOO9RPxck79as9ozeNheRms="
    },
    "css": {
      "version": "1.0.8",
      "resolved": "https://registry.npmjs.org/css/-/css-1.0.8.tgz",
      "integrity": "sha1-k4aBHKgrzMnuf7WnMrHioxfIo+c=",
      "requires": {
        "css-parse": "1.0.4",
        "css-stringify": "1.0.5"
      }
    },
    "css-parse": {
      "version": "1.0.4",
      "resolved": "https://registry.npmjs.org/css-parse/-/css-parse-1.0.4.tgz",
      "integrity": "sha1-OLBQP7+dqfVOnB29pg4UXHcRe90="
    },
    "css-stringify": {
      "version": "1.0.5",
      "resolved": "https://registry.npmjs.org/css-stringify/-/css-stringify-1.0.5.tgz",
      "integrity": "sha1-sNBClG2ylTu50pKQCmy19tASIDE="
    },
    "debug": {
      "version": "2.6.9",
      "resolved": "https://registry.npmjs.org/debug/-/debug-2.6.9.tgz",
      "integrity": "sha512-bC7ElrdJaJnPbAP+1EotYvqZsb3ecl5wi6Bfi6BJTUcNowp6cvspg0jXznRTKDjm/E7AdgFBVeAPVMNcKGsHMA==",
      "requires": {
        "ms": "2.0.0"
      }
    },
    "depd": {
      "version": "1.1.2",
      "resolved": "https://registry.npmjs.org/depd/-/depd-1.1.2.tgz",
      "integrity": "sha1-m81S4UwJd2PnSbJ0xDRu0uVgtak="
    },
    "ee-first": {
      "version": "1.1.1",
      "resolved": "https://registry.npmjs.org/ee-first/-/ee-first-1.1.1.tgz",
      "integrity": "sha1-WQxhFWsK4vTwJVcyoViyZrxWsh0="
    },
    "ejs": {
      "version": "2.5.7",
      "resolved": "https://registry.npmjs.org/ejs/-/ejs-2.5.7.tgz",
      "integrity": "sha1-zIcsFoiArjxxiXYv1f/ACJbJUYo="
    },
    "express": {
      "version": "3.0.5",
      "resolved": "https://registry.npmjs.org/express/-/express-3.0.5.tgz",
      "integrity": "sha1-TG5YUOa16Moq9X8h7XCX3lCUi3M=",
      "requires": {
        "buffer-crc32": "0.1.1",
        "commander": "0.6.1",
        "connect": "2.7.1",
        "cookie": "0.0.5",
        "cookie-signature": "0.0.1",
        "debug": "2.6.9",
        "fresh": "0.1.0",
        "methods": "0.0.1",
        "mkdirp": "0.3.3",
        "range-parser": "0.0.4",
        "send": "0.1.0"
      },
      "dependencies": {
        "cookie": {
          "version": "0.0.5",
          "resolved": "https://registry.npmjs.org/cookie/-/cookie-0.0.5.tgz",
          "integrity": "sha1-+az521frdWjJ/MWWJWt7si4wfIE="
        },
        "cookie-signature": {
          "version": "0.0.1",
          "resolved": "https://registry.npmjs.org/cookie-signature/-/cookie-signature-0.0.1.tgz",
          "integrity": "sha1-E9NgO1z2O++/haiAHjeqkA20aYU="
        },
        "fresh": {
          "version": "0.1.0",
          "resolved": "https://registry.npmjs.org/fresh/-/fresh-0.1.0.tgz",
          "integrity": "sha1-A+SwF4Qk5MLV0ZpU2IFM3JeTSFA="
        },
        "methods": {
          "version": "0.0.1",
          "resolved": "https://registry.npmjs.org/methods/-/methods-0.0.1.tgz",
          "integrity": "sha1-J3yQ+L7zlwlkWoNxxRw7bGSOBow="
        },
        "mime": {
          "version": "1.2.6",
          "resolved": "https://registry.npmjs.org/mime/-/mime-1.2.6.tgz",
          "integrity": "sha1-sfhsdowCX6h7SAdfFwnyiuryA2U="
        },
        "range-parser": {
          "version": "0.0.4",
          "resolved": "https://registry.npmjs.org/range-parser/-/range-parser-0.0.4.tgz",
          "integrity": "sha1-wEJ//vUcEKy6B4KkbJYC50T/Ygs="
        },
        "send": {
          "version": "0.1.0",
          "resolved": "https://registry.npmjs.org/send/-/send-0.1.0.tgz",
          "integrity": "sha1-z7COvTzsm3/Bo32f+eh1qXHPRkA=",
          "requires": {
            "debug": "2.6.9",
            "fresh": "0.1.0",
            "mime": "1.2.6",
            "range-parser": "0.0.4"
          }
        }
      }
    },
    "express-session": {
      "version": "1.15.6",
      "resolved": "https://registry.npmjs.org/express-session/-/express-session-1.15.6.tgz",
      "integrity": "sha512-r0nrHTCYtAMrFwZ0kBzZEXa1vtPVrw0dKvGSrKP4dahwBQ1BJpF2/y1Pp4sCD/0kvxV4zZeclyvfmw0B4RMJQA==",
      "requires": {
        "cookie": "0.3.1",
        "cookie-signature": "1.0.6",
        "crc": "3.4.4",
        "debug": "2.6.9",
        "depd": "1.1.2",
        "on-headers": "1.0.1",
        "parseurl": "1.3.2",
        "uid-safe": "2.1.5",
        "utils-merge": "1.0.1"
      }
    },
    "formidable": {
      "version": "1.0.11",
      "resolved": "https://registry.npmjs.org/formidable/-/formidable-1.0.11.tgz",
      "integrity": "sha1-aPYzJaA15kS297s9ESQ7l2HeGzA="
    },
    "http-errors": {
      "version": "1.6.2",
      "resolved": "https://registry.npmjs.org/http-errors/-/http-errors-1.6.2.tgz",
      "integrity": "sha1-CgAsyFcHGSp+eUbO7cERVfYOxzY=",
      "requires": {
        "depd": "1.1.1",
        "inherits": "2.0.3",
        "setprototypeof": "1.0.3",
        "statuses": "1.3.1"
      },
      "dependencies": {
        "depd": {
          "version": "1.1.1",
          "resolved": "https://registry.npmjs.org/depd/-/depd-1.1.1.tgz",
          "integrity": "sha1-V4O04cRZ8G+lyif5kfPQbnoxA1k="
        },
        "setprototypeof": {
          "version": "1.0.3",
          "resolved": "https://registry.npmjs.org/setprototypeof/-/setprototypeof-1.0.3.tgz",
          "integrity": "sha1-ZlZ+NwQ+608E2RvWWMDL77VbjgQ="
        }
      }
    },
    "iconv-lite": {
      "version": "0.4.19",
      "resolved": "https://registry.npmjs.org/iconv-lite/-/iconv-lite-0.4.19.tgz",
      "integrity": "sha512-oTZqweIP51xaGPI4uPa56/Pri/480R+mo7SeU+YETByQNhDG55ycFyNLIgta9vXhILrxXDmF7ZGhqZIcuN0gJQ=="
    },
    "inherits": {
      "version": "2.0.3",
      "resolved": "https://registry.npmjs.org/inherits/-/inherits-2.0.3.tgz",
      "integrity": "sha1-Yzwsg+PaQqUC9SRmAiSA9CCCYd4="
    },
    "jade": {
      "version": "0.30.0",
      "resolved": "https://registry.npmjs.org/jade/-/jade-0.30.0.tgz",
      "integrity": "sha1-nqgW2mG+pv70cJtNn2tELx4gW6M=",
      "requires": {
        "character-parser": "1.0.2",
        "commander": "1.1.1",
        "mkdirp": "0.3.3",
        "monocle": "0.1.50",
        "transformers": "2.0.1"
      },
      "dependencies": {
        "commander": {
          "version": "1.1.1",
          "resolved": "https://registry.npmjs.org/commander/-/commander-1.1.1.tgz",
          "integrity": "sha1-UNFlGGiuYOzP8KLZ80WVN2vGsEE=",
          "requires": {
            "keypress": "0.1.0"
          }
        }
      }
    },
    "keypress": {
      "version": "0.1.0",
      "resolved": "https://registry.npmjs.org/keypress/-/keypress-0.1.0.tgz",
      "integrity": "sha1-SjGI1CkbZrT2XtuZ+AaqmuKTWSo="
    },
    "media-typer": {
      "version": "0.3.0",
      "resolved": "https://registry.npmjs.org/media-typer/-/media-typer-0.3.0.tgz",
      "integrity": "sha1-hxDXrwqmJvj/+hzgAWhUUmMlV0g="
    },
    "mime-db": {
      "version": "1.30.0",
      "resolved": "https://registry.npmjs.org/mime-db/-/mime-db-1.30.0.tgz",
      "integrity": "sha1-dMZD2i3Z1qRTmZY0ZbJtXKfXHwE="
    },
    "mime-types": {
      "version": "2.1.17",
      "resolved": "https://registry.npmjs.org/mime-types/-/mime-types-2.1.17.tgz",
      "integrity": "sha1-Cdejk/A+mVp5+K+Fe3Cp4KsWVXo=",
      "requires": {
        "mime-db": "1.30.0"
      }
    },
    "minimatch": {
      "version": "3.0.4",
      "resolved": "https://registry.npmjs.org/minimatch/-/minimatch-3.0.4.tgz",
      "integrity": "sha512-yJHVQEhyqPLUTgt9B83PXu6W3rx4MvvHvSUvToogpwoGDOUQ+yDrR0HRot+yOCdCO7u4hX3pWft6kWBBcqh0UA==",
      "requires": {
        "brace-expansion": "1.1.8"
      }
    },
    "mkdirp": {
      "version": "0.3.3",
      "resolved": "https://registry.npmjs.org/mkdirp/-/mkdirp-0.3.3.tgz",
      "integrity": "sha1-WV4lHBNww6aLqyE20ONIuBBa3xM="
    },
    "monocle": {
      "version": "0.1.50",
      "resolved": "https://registry.npmjs.org/monocle/-/monocle-0.1.50.tgz",
      "integrity": "sha1-mny9DMwQ3pX9eKBLm+skgq5JQLc=",
      "requires": {
        "readdirp": "0.2.5"
      }
    },
    "ms": {
      "version": "2.0.0",
      "resolved": "https://registry.npmjs.org/ms/-/ms-2.0.0.tgz",
      "integrity": "sha1-VgiurfwAvmwpAd9fmGF4jeDVl8g="
    },
    "mysql": {
      "version": "2.15.0",
      "resolved": "https://registry.npmjs.org/mysql/-/mysql-2.15.0.tgz",
      "integrity": "sha512-C7tjzWtbN5nzkLIV+E8Crnl9bFyc7d3XJcBAvHKEVkjrYjogz3llo22q6s/hw+UcsE4/844pDob9ac+3dVjQSA==",
      "requires": {
        "bignumber.js": "4.0.4",
        "readable-stream": "2.3.3",
        "safe-buffer": "5.1.1",
        "sqlstring": "2.3.0"
      },
      "dependencies": {
        "isarray": {
          "version": "1.0.0",
          "resolved": "https://registry.npmjs.org/isarray/-/isarray-1.0.0.tgz",
          "integrity": "sha1-u5NdSFgsuhaMBoNJV6VKPgcSTxE="
        },
        "readable-stream": {
          "version": "2.3.3",
          "resolved": "https://registry.npmjs.org/readable-stream/-/readable-stream-2.3.3.tgz",
          "integrity": "sha512-m+qzzcn7KUxEmd1gMbchF+Y2eIUbieUaxkWtptyHywrX0rE8QEYqPC07Vuy4Wm32/xE16NcdBctb8S0Xe/5IeQ==",
          "requires": {
            "core-util-is": "1.0.2",
            "inherits": "2.0.3",
            "isarray": "1.0.0",
            "process-nextick-args": "1.0.7",
            "safe-buffer": "5.1.1",
            "string_decoder": "1.0.3",
            "util-deprecate": "1.0.2"
          }
        },
        "string_decoder": {
          "version": "1.0.3",
          "resolved": "https://registry.npmjs.org/string_decoder/-/string_decoder-1.0.3.tgz",
          "integrity": "sha512-4AH6Z5fzNNBcH+6XDMfA/BTt87skxqJlO0lAh3Dker5zThcAxG6mKz+iGu308UKoPPQ8Dcqx/4JhujzltRa+hQ==",
          "requires": {
            "safe-buffer": "5.1.1"
          }
        }
      }
    },
    "on-finished": {
      "version": "2.3.0",
      "resolved": "https://registry.npmjs.org/on-finished/-/on-finished-2.3.0.tgz",
      "integrity": "sha1-IPEzZIGwg811M3mSoWlxqi2QaUc=",
      "requires": {
        "ee-first": "1.1.1"
      }
    },
    "on-headers": {
      "version": "1.0.1",
      "resolved": "https://registry.npmjs.org/on-headers/-/on-headers-1.0.1.tgz",
      "integrity": "sha1-ko9dD0cNSTQmUepnlLCFfBAGk/c="
    },
    "optimist": {
      "version": "0.3.7",
      "resolved": "https://registry.npmjs.org/optimist/-/optimist-0.3.7.tgz",
      "integrity": "sha1-yQlBrVnkJzMokjB00s8ufLxuwNk=",
      "requires": {
        "wordwrap": "0.0.3"
      }
    },
    "parseurl": {
      "version": "1.3.2",
      "resolved": "https://registry.npmjs.org/parseurl/-/parseurl-1.3.2.tgz",
      "integrity": "sha1-/CidTtiZMRlGDBViUyYs3I3mW/M="
    },
    "pause": {
      "version": "0.0.1",
      "resolved": "https://registry.npmjs.org/pause/-/pause-0.0.1.tgz",
      "integrity": "sha1-HUCLP9t2kjuVQ9lvtMnf1TXZy10="
    },
    "process-nextick-args": {
      "version": "1.0.7",
      "resolved": "https://registry.npmjs.org/process-nextick-args/-/process-nextick-args-1.0.7.tgz",
      "integrity": "sha1-FQ4gt1ZZCtP5EJPyWk8q2L/zC6M="
    },
    "promise": {
      "version": "2.0.0",
      "resolved": "https://registry.npmjs.org/promise/-/promise-2.0.0.tgz",
      "integrity": "sha1-RmSKqdYFr10ucMMCS/WUNtoCuA4=",
      "requires": {
        "is-promise": "1.0.1"
      },
      "dependencies": {
        "is-promise": {
          "version": "1.0.1",
          "resolved": "https://registry.npmjs.org/is-promise/-/is-promise-1.0.1.tgz",
          "integrity": "sha1-MVc3YcBX4zwukaq56W2gjO++duU="
        }
      }
    },
    "qs": {
      "version": "6.5.1",
      "resolved": "https://registry.npmjs.org/qs/-/qs-6.5.1.tgz",
      "integrity": "sha512-eRzhrN1WSINYCDCbrz796z37LOe3m5tmW7RQf6oBntukAG1nmovJvhnwHHRMAfeoItc1m2Hk02WER2aQ/iqs+A=="
    },
    "random-bytes": {
      "version": "1.0.0",
      "resolved": "https://registry.npmjs.org/random-bytes/-/random-bytes-1.0.0.tgz",
      "integrity": "sha1-T2ih3Arli9P7lYSMMDJNt11kNgs="
    },
    "raw-body": {
      "version": "2.3.2",
      "resolved": "https://registry.npmjs.org/raw-body/-/raw-body-2.3.2.tgz",
      "integrity": "sha1-vNYMd9Prk83gBQKVw/N5OJvIj4k=",
      "requires": {
        "bytes": "3.0.0",
        "http-errors": "1.6.2",
        "iconv-lite": "0.4.19",
        "unpipe": "1.0.0"
      }
    },
    "readdirp": {
      "version": "0.2.5",
      "resolved": "https://registry.npmjs.org/readdirp/-/readdirp-0.2.5.tgz",
      "integrity": "sha1-xMJ25Sl3riXbUZH+UdAIVQ8V2bs=",
      "requires": {
        "minimatch": "3.0.4"
      }
    },
    "req-flash": {
      "version": "0.0.3",
      "resolved": "https://registry.npmjs.org/req-flash/-/req-flash-0.0.3.tgz",
      "integrity": "sha1-XkixoxmHlnKmM54NYDk1p3h55HA="
    },
    "safe-buffer": {
      "version": "5.1.1",
      "resolved": "https://registry.npmjs.org/safe-buffer/-/safe-buffer-5.1.1.tgz",
      "integrity": "sha512-kKvNJn6Mm93gAczWVJg7wH+wGYWNrDHdWvpUmHyEsgCtIwwo3bqPtV4tR5tuPaUhTOo/kvhVwd8XwwOllGYkbg=="
    },
    "sqlstring": {
      "version": "2.3.0",
      "resolved": "https://registry.npmjs.org/sqlstring/-/sqlstring-2.3.0.tgz",
      "integrity": "sha1-UluKT9Jtb3GqYegipsr5dtMa0qg="
    },
    "statuses": {
      "version": "1.3.1",
      "resolved": "https://registry.npmjs.org/statuses/-/statuses-1.3.1.tgz",
      "integrity": "sha1-+vUbnrdKrvOzrPStX2Gr8ky3uT4="
    },
    "transformers": {
      "version": "2.0.1",
      "resolved": "https://registry.npmjs.org/transformers/-/transformers-2.0.1.tgz",
      "integrity": "sha1-NSEx3865OnUy3HU1pPFCUQQ1o5Q=",
      "requires": {
        "css": "1.0.8",
        "promise": "2.0.0",
        "uglify-js": "2.2.5"
      },
      "dependencies": {
        "source-map": {
          "version": "0.1.43",
          "resolved": "https://registry.npmjs.org/source-map/-/source-map-0.1.43.tgz",
          "integrity": "sha1-wkvBRspRfBRx9drL4lcbK3+eM0Y=",
          "requires": {
            "amdefine": "1.0.1"
          }
        },
        "uglify-js": {
          "version": "2.2.5",
          "resolved": "https://registry.npmjs.org/uglify-js/-/uglify-js-2.2.5.tgz",
          "integrity": "sha1-puAqcNg5eSuXgEiLe4sYTAlcmcc=",
          "requires": {
            "optimist": "0.3.7",
            "source-map": "0.1.43"
          }
        }
      }
    },
    "type-is": {
      "version": "1.6.15",
      "resolved": "https://registry.npmjs.org/type-is/-/type-is-1.6.15.tgz",
      "integrity": "sha1-yrEPtJCeRByChC6v4a1kbIGARBA=",
      "requires": {
        "media-typer": "0.3.0",
        "mime-types": "2.1.17"
      }
    },
    "uid-safe": {
      "version": "2.1.5",
      "resolved": "https://registry.npmjs.org/uid-safe/-/uid-safe-2.1.5.tgz",
      "integrity": "sha512-KPHm4VL5dDXKz01UuEd88Df+KzynaohSL9fBh096KWAxSKZQDI2uBrVqtvRM4rwrIrRRKsdLNML/lnaaVSRioA==",
      "requires": {
        "random-bytes": "1.0.0"
      }
    },
    "unpipe": {
      "version": "1.0.0",
      "resolved": "https://registry.npmjs.org/unpipe/-/unpipe-1.0.0.tgz",
      "integrity": "sha1-sr9O6FFKrmFltIF4KdIbLvSZBOw="
    },
    "util-deprecate": {
      "version": "1.0.2",
      "resolved": "https://registry.npmjs.org/util-deprecate/-/util-deprecate-1.0.2.tgz",
      "integrity": "sha1-RQ1Nyfpw3nMnYvvS1KKJgUGaDM8="
    },
    "utils-merge": {
      "version": "1.0.1",
      "resolved": "https://registry.npmjs.org/utils-merge/-/utils-merge-1.0.1.tgz",
      "integrity": "sha1-n5VxD1CiZ5R7LMwSR0HBAoQn5xM="
    },
    "wordwrap": {
      "version": "0.0.3",
      "resolved": "https://registry.npmjs.org/wordwrap/-/wordwrap-0.0.3.tgz",
      "integrity": "sha1-o9XabNXAvAAI03I0u68b7WMFkQc="
    }
  }
}
